{
  "version": 4,
  "terraform_version": "0.12.1",
  "serial": 3,
  "lineage": "d6ccb4a9-da6b-2946-ee25-0c9020d9cc61",
  "outputs": {
    "env": {
      "value": "dev",
      "type": "string"
    },
    "region": {
      "value": "",
      "type": "string"
    },
    "team": {
      "value": "jdwsc",
      "type": "string"
    }
  },
  "resources": [
    {
      "mode": "managed",
      "type": "aws_dynamodb_table",
      "name": "tfstate_lock",
      "provider": "provider.aws",
      "instances": [
        {
          "schema_version": 1,
          "attributes": {
            "arn": "arn:aws:dynamodb:eu-west-1:154040721022:table/jdwsc-dev--tfstate-lock",
            "attribute": [
              {
                "name": "LockID",
                "type": "S"
              }
            ],
            "billing_mode": "PROVISIONED",
            "global_secondary_index": [],
            "hash_key": "LockID",
            "id": "jdwsc-dev--tfstate-lock",
            "local_secondary_index": [],
            "name": "jdwsc-dev--tfstate-lock",
            "point_in_time_recovery": [
              {
                "enabled": false
              }
            ],
            "range_key": null,
            "read_capacity": 1,
            "server_side_encryption": [],
            "stream_arn": "",
            "stream_enabled": false,
            "stream_label": "",
            "stream_view_type": "",
            "tags": {
              "Name": "jdwsc-dev--tfstate-lock"
            },
            "timeouts": null,
            "ttl": [
              {
                "attribute_name": "",
                "enabled": false
              }
            ],
            "write_capacity": 1
          }
        }
      ]
    },
    {
      "mode": "managed",
      "type": "aws_s3_bucket",
      "name": "tfstate_bucket",
      "provider": "provider.aws",
      "instances": [
        {
          "schema_version": 0,
          "attributes": {
            "acceleration_status": "",
            "acl": "private",
            "arn": "arn:aws:s3:::jdwsc-dev--tfstate",
            "bucket": "jdwsc-dev--tfstate",
            "bucket_domain_name": "jdwsc-dev--tfstate.s3.amazonaws.com",
            "bucket_prefix": null,
            "bucket_regional_domain_name": "jdwsc-dev--tfstate.s3.eu-west-1.amazonaws.com",
            "cors_rule": [],
            "force_destroy": false,
            "hosted_zone_id": "Z1BKCTXD74EZPE",
            "id": "jdwsc-dev--tfstate",
            "lifecycle_rule": [],
            "logging": [],
            "object_lock_configuration": [],
            "policy": null,
            "region": "eu-west-1",
            "replication_configuration": [],
            "request_payer": "BucketOwner",
            "server_side_encryption_configuration": [],
            "tags": {
              "Name": "jdwsc-dev--tfstate"
            },
            "versioning": [
              {
                "enabled": true,
                "mfa_delete": false
              }
            ],
            "website": [],
            "website_domain": null,
            "website_endpoint": null
          }
        }
      ]
    }
  ]
}
